
Microsoft Visual Studio Solution File, Format Version 12.00
# Visual Studio 15
VisualStudioVersion = 15.0.27703.2042
MinimumVisualStudioVersion = 10.0.40219.1
Project("{FAE04EC0-301F-11D3-BF4B-00C04F79EFBC}") = "PSR10442.Models", "PSR10442.Models\PSR10442.Models.csproj", "{3C291DD5-AA23-463C-8111-F1E84BAEABDD}"
EndProject
Project("{FAE04EC0-301F-11D3-BF4B-00C04F79EFBC}") = "PSR10442.CustomDataAnnotations", "PSR10442.CustomDataAnnotations\PSR10442.CustomDataAnnotations.csproj", "{205E6342-530B-4A38-966E-0D45CE9D3A2A}"
EndProject
Project("{FAE04EC0-301F-11D3-BF4B-00C04F79EFBC}") = "PSR10442.API", "PSR10442.API\PSR10442.API.csproj", "{EDB658D5-3928-4216-85A4-CB12C200D200}"
EndProject
Project("{FAE04EC0-301F-11D3-BF4B-00C04F79EFBC}") = "PSR10442.API.Tests", "PSR10442.API.Tests\PSR10442.API.Tests.csproj", "{FE2164A5-BBB1-48B1-94BD-BC9C897D9F10}"
EndProject
Project("{FAE04EC0-301F-11D3-BF4B-00C04F79EFBC}") = "PSR10442.Bash", "PSR10442.Console\PSR10442.Bash.csproj", "{10DFE505-003A-4102-8831-F4BAC0CF5BE3}"
EndProject
Global
	GlobalSection(SolutionConfigurationPlatforms) = preSolution
		Debug|Any CPU = Debug|Any CPU
		Release|Any CPU = Release|Any CPU
	EndGlobalSection
	GlobalSection(ProjectConfigurationPlatforms) = postSolution
		{3C291DD5-AA23-463C-8111-F1E84BAEABDD}.Debug|Any CPU.ActiveCfg = Debug|Any CPU
		{3C291DD5-AA23-463C-8111-F1E84BAEABDD}.Debug|Any CPU.Build.0 = Debug|Any CPU
		{3C291DD5-AA23-463C-8111-F1E84BAEABDD}.Release|Any CPU.ActiveCfg = Release|Any CPU
		{3C291DD5-AA23-463C-8111-F1E84BAEABDD}.Release|Any CPU.Build.0 = Release|Any CPU
		{205E6342-530B-4A38-966E-0D45CE9D3A2A}.Debug|Any CPU.ActiveCfg = Debug|Any CPU
		{205E6342-530B-4A38-966E-0D45CE9D3A2A}.Debug|Any CPU.Build.0 = Debug|Any CPU
		{205E6342-530B-4A38-966E-0D45CE9D3A2A}.Release|Any CPU.ActiveCfg = Release|Any CPU
		{205E6342-530B-4A38-966E-0D45CE9D3A2A}.Release|Any CPU.Build.0 = Release|Any CPU
		{EDB658D5-3928-4216-85A4-CB12C200D200}.Debug|Any CPU.ActiveCfg = Debug|Any CPU
		{EDB658D5-3928-4216-85A4-CB12C200D200}.Debug|Any CPU.Build.0 = Debug|Any CPU
		{EDB658D5-3928-4216-85A4-CB12C200D200}.Release|Any CPU.ActiveCfg = Release|Any CPU
		{EDB658D5-3928-4216-85A4-CB12C200D200}.Release|Any CPU.Build.0 = Release|Any CPU
		{FE2164A5-BBB1-48B1-94BD-BC9C897D9F10}.Debug|Any CPU.ActiveCfg = Debug|Any CPU
		{FE2164A5-BBB1-48B1-94BD-BC9C897D9F10}.Debug|Any CPU.Build.0 = Debug|Any CPU
		{FE2164A5-BBB1-48B1-94BD-BC9C897D9F10}.Release|Any CPU.ActiveCfg = Release|Any CPU
		{FE2164A5-BBB1-48B1-94BD-BC9C897D9F10}.Release|Any CPU.Build.0 = Release|Any CPU
		{10DFE505-003A-4102-8831-F4BAC0CF5BE3}.Debug|Any CPU.ActiveCfg = Debug|Any CPU
		{10DFE505-003A-4102-8831-F4BAC0CF5BE3}.Debug|Any CPU.Build.0 = Debug|Any CPU
		{10DFE505-003A-4102-8831-F4BAC0CF5BE3}.Release|Any CPU.ActiveCfg = Release|Any CPU
		{10DFE505-003A-4102-8831-F4BAC0CF5BE3}.Release|Any CPU.Build.0 = Release|Any CPU
	EndGlobalSection
	GlobalSection(SolutionProperties) = preSolution
		HideSolutionNode = FALSE
	EndGlobalSection
	GlobalSection(ExtensibilityGlobals) = postSolution
		SolutionGuid = {9DAEF32A-4392-4C16-94C1-9F3EF5FE11AA}
	EndGlobalSection
EndGlobal
